// !$*UTF8*$!
{
	archiveVersion = 1;
	classes = {
	};
	objectVersion = 46;
	objects = {

/* Begin PBXBuildFile section */
		91F8CB601D515CF700F555FB /* AppDelegate.swift in Sources */ = {isa = PBXBuildFile; fileRef = 91F8CB5F1D515CF700F555FB /* AppDelegate.swift */; };
		91F8CB621D515CF700F555FB /* ViewController.swift in Sources */ = {isa = PBXBuildFile; fileRef = 91F8CB611D515CF700F555FB /* ViewController.swift */; };
		91F8CB651D515CF700F555FB /* Main.storyboard in Resources */ = {isa = PBXBuildFile; fileRef = 91F8CB631D515CF700F555FB /* Main.storyboard */; };
		91F8CB671D515CF700F555FB /* Assets.xcassets in Resources */ = {isa = PBXBuildFile; fileRef = 91F8CB661D515CF700F555FB /* Assets.xcassets */; };
		91F8CB6A1D515CF700F555FB /* LaunchScreen.storyboard in Resources */ = {isa = PBXBuildFile; fileRef = 91F8CB681D515CF700F555FB /* LaunchScreen.storyboard */; };
		91F8CB731D515DE300F555FB /* RoundButton.swift in Sources */ = {isa = PBXBuildFile; fileRef = 91F8CB721D515DE300F555FB /* RoundButton.swift */; };
/* End PBXBuildFile section */

/* Begin PBXFileReference section */
		91F8CB5C1D515CF700F555FB /* DemoDesignTips.app */ = {isa = PBXFileReference; explicitFileType = wrapper.application; includeInIndex = 0; path = DemoDesignTips.app; sourceTree = BUILT_PRODUCTS_DIR; };
		91F8CB5F1D515CF700F555FB /* AppDelegate.swift */ = {isa = PBXFileReference; lastKnownFileType = sourcecode.swift; path = AppDelegate.swift; sourceTree = "<group>"; };
		91F8CB611D515CF700F555FB /* ViewController.swift */ = {isa = PBXFileReference; lastKnownFileType = sourcecode.swift; path = ViewController.swift; sourceTree = "<group>"; };
		91F8CB641D515CF700F555FB /* Base */ = {isa = PBXFileReference; lastKnownFileType = file.storyboard; name = Base; path = Base.lproj/Main.storyboard; sourceTree = "<group>"; };
		91F8CB661D515CF700F555FB /* Assets.xcassets */ = {isa = PBXFileReference; lastKnownFileType = folder.assetcatalog; path = Assets.xcassets; sourceTree = "<group>"; };
		91F8CB691D515CF700F555FB /* Base */ = {isa = PBXFileReference; lastKnownFileType = file.storyboard; name = Base; path = Base.lproj/LaunchScreen.storyboard; sourceTree = "<group>"; };
		91F8CB6B1D515CF700F555FB /* Info.plist */ = {isa = PBXFileReference; lastKnownFileType = text.plist.xml; path = Info.plist; sourceTree = "<group>"; };
		91F8CB721D515DE300F555FB /* RoundButton.swift */ = {isa = PBXFileReference; fileEncoding = 4; lastKnownFileType = sourcecode.swift; path = RoundButton.swift; sourceTree = "<group>"; };
/* End PBXFileReference section */

/* Begin PBXFrameworksBuildPhase section */
		91F8CB591D515CF700F555FB /* Frameworks */ = {
			isa = PBXFrameworksBuildPhase;
			buildActionMask = 2147483647;
			files = (
			);
			runOnlyForDeploymentPostprocessing = 0;
		};
/* End PBXFrameworksBuildPhase section */

/* Begin PBXGroup section */
		91F8CB531D515CF700F555FB = {
			isa = PBXGroup;
			children = (
				91F8CB5E1D515CF700F555FB /* DemoDesignTips */,
				91F8CB5D1D515CF700F555FB /* Products */,
			);
			sourceTree = "<group>";
		};
		91F8CB5D1D515CF700F555FB /* Products */ = {
			isa = PBXGroup;
			children = (
				91F8CB5C1D515CF700F555FB /* DemoDesignTips.app */,
			);
			name = Products;
			sourceTree = "<group>";
		};
		91F8CB5E1D515CF700F555FB /* DemoDesignTips */ = {
			isa = PBXGroup;
			children = (
				91F8CB711D515DBD00F555FB /* view */,
				91F8CB5F1D515CF700F555FB /* AppDelegate.swift */,
				91F8CB611D515CF700F555FB /* ViewController.swift */,
				91F8CB631D515CF700F555FB /* Main.storyboard */,
				91F8CB661D515CF700F555FB /* Assets.xcassets */,
				91F8CB681D515CF700F555FB /* LaunchScreen.storyboard */,
				91F8CB6B1D515CF700F555FB /* Info.plist */,
			);
			path = DemoDesignTips;
			sourceTree = "<group>";
		};
		91F8CB711D515DBD00F555FB /* view */ = {
			isa = PBXGroup;
			children = (
				91F8CB721D515DE300F555FB /* RoundButton.swift */,
			);
			name = view;
			sourceTree = "<group>";
		};
/* End PBXGroup section */

/* Begin PBXNativeTarget section */
		91F8CB5B1D515CF700F555FB /* DemoDesignTips */ = {
			isa = PBXNativeTarget;
			buildConfigurationList = 91F8CB6E1D515CF700F555FB /* Build configuration list for PBXNativeTarget "DemoDesignTips" */;
			buildPhases = (
				91F8CB581D515CF700F555FB /* Sources */,
				91F8CB591D515CF700F555FB /* Frameworks */,
				91F8CB5A1D515CF700F555FB /* Resources */,
			);
			buildRules = (
			);
			dependencies = (
			);
			name = DemoDesignTips;
			productName = DemoDesignTips;
			productReference = 91F8CB5C1D515CF700F555FB /* DemoDesignTips.app */;
			productType = "com.apple.product-type.application";
		};
/* End PBXNativeTarget section */

/* Begin PBXProject section */
		91F8CB541D515CF700F555FB /* Project object */ = {
			isa = PBXProject;
			attributes = {
				LastSwiftUpdateCheck = 0730;
				LastUpgradeCheck = 0730;
				ORGANIZATIONNAME = DoApps;
				TargetAttributes = {
					91F8CB5B1D515CF700F555FB = {
						CreatedOnToolsVersion = 7.3.1;
					};
				};
			};
			buildConfigurationList = 91F8CB571D515CF700F555FB /* Build configuration list for PBXProject "DemoDesignTips" */;
			compatibilityVersion = "Xcode 3.2";
			developmentRegion = English;
			hasScannedForEncodings = 0;
			knownRegions = (
				en,
				Base,
			);
			mainGroup = 91F8CB531D515CF700F555FB;
			productRefGroup = 91F8CB5D1D515CF700F555FB /* Products */;
			projectDirPath = "";
			projectRoot = "";
			targets = (
				91F8CB5B1D515CF700F555FB /* DemoDesignTips */,
			);
		};
/* End PBXProject section */

/* Begin PBXResourcesBuildPhase section */
		91F8CB5A1D515CF700F555FB /* Resources */ = {
			isa = PBXResourcesBuildPhase;
			buildActionMask = 2147483647;
			files = (
				91F8CB6A1D515CF700F555FB /* LaunchScreen.storyboard in Resources */,
				91F8CB671D515CF700F555FB /* Assets.xcassets in Resources */,
				91F8CB651D515CF700F555FB /* Main.storyboard in Resources */,
			);
			runOnlyForDeploymentPostprocessing = 0;
		};
/* End PBXResourcesBuildPhase section */

/* Begin PBXSourcesBuildPhase section */
		91F8CB581D515CF700F555FB /* Sources */ = {
			isa = PBXSourcesBuildPhase;
			buildActionMask = 2147483647;
			files = (
				91F8CB731D515DE300F555FB /* RoundButton.swift in Sources */,
				91F8CB621D515CF700F555FB /* ViewController.swift in Sources */,
				91F8CB601D515CF700F555FB /* AppDelegate.swift in Sources */,
			);
			runOnlyForDeploymentPostprocessing = 0;
		};
/* End PBXSourcesBuildPhase section */

/* Begin PBXVariantGroup section */
		91F8CB631D515CF700F555FB /* Main.storyboard */ = {
			isa = PBXVariantGroup;
			children = (
				91F8CB641D515CF700F555FB /* Base */,
			);
			name = Main.storyboard;
			sourceTree = "<group>";
		};
		91F8CB681D515CF700F555FB /* LaunchScreen.storyboard */ = {
			isa = PBXVariantGroup;
			children = (
				91F8CB691D515CF700F555FB /* Base */,
			);
			name = LaunchScreen.storyboard;
			sourceTree = "<group>";
		};
/* End PBXVariantGroup section */

/* Begin XCBuildConfiguration section */
		91F8CB6C1D515CF700F555FB /* Debug */ = {
			isa = XCBuildConfiguration;
			buildSettings = {
				ALWAYS_SEARCH_USER_PATHS = NO;
				CLANG_ANALYZER_NONNULL = YES;
				CLANG_CXX_LANGUAGE_STANDARD = "gnu++0x";
				CLANG_CXX_LIBRARY = "libc++";
				CLANG_ENABLE_MODULES = YES;
				CLANG_ENABLE_OBJC_ARC = YES;
				CLANG_WARN_BOOL_CONVERSION = YES;
				CLANG_WARN_CONSTANT_CONVERSION = YES;
				CLANG_WARN_DIRECT_OBJC_ISA_USAGE = YES_ERROR;
				CLANG_WARN_EMPTY_BODY = YES;
				CLANG_WARN_ENUM_CONVERSION = YES;
				CLANG_WARN_INT_CONVERSION = YES;
				CLANG_WARN_OBJC_ROOT_CLASS = YES_ERROR;
				CLANG_WARN_UNREACHABLE_CODE = YES;
				CLANG_WARN__DUPLICATE_METHOD_MATCH = YES;
				"CODE_SIGN_IDENTITY[sdk=iphoneos*]" = "iPhone Developer";
				COPY_PHASE_STRIP = NO;
				DEBUG_INFORMATION_FORMAT = dwarf;
				ENABLE_STRICT_OBJC_MSGSEND = YES;
				ENABLE_TESTABILITY = YES;
				GCC_C_LANGUAGE_STANDARD = gnu99;
				GCC_DYNAMIC_NO_PIC = NO;
				GCC_NO_COMMON_BLOCKS = YES;
				GCC_OPTIMIZATION_LEVEL = 0;
				GCC_PREPROCESSOR_DEFINITIONS = (
					"DEBUG=1",
					"$(inherited)",
				);
				GCC_WARN_64_TO_32_BIT_CONVERSION = YES;
				GCC_WARN_ABOUT_RETURN_TYPE = YES_ERROR;
				GCC_WARN_UNDECLARED_SELECTOR = YES;
				GCC_WARN_UNINITIALIZED_AUTOS = YES_AGGRESSIVE;
				GCC_WARN_UNUSED_FUNCTION = YES;
				GCC_WARN_UNUSED_VARIABLE = YES;
				IPHONEOS_DEPLOYMENT_TARGET = 9.3;
				MTL_ENABLE_DEBUG_INFO = YES;
				ONLY_ACTIVE_ARCH = YES;
				SDKROOT = iphoneos;
				SWIFT_OPTIMIZATION_LEVEL = "-Onone";
				TARGETED_DEVICE_FAMILY = "1,2";
			};
			name = Debug;
		};
		91F8CB6D1D515CF700F555FB /* Release */ = {
			isa = XCBuildConfiguration;
			buildSettings = {
				ALWAYS_SEARCH_USER_PATHS = NO;
				CLANG_ANALYZER_NONNULL = YES;
				CLANG_CXX_LANGUAGE_STANDARD = "gnu++0x";
				CLANG_CXX_LIBRARY = "libc++";
				CLANG_ENABLE_MODULES = YES;
				CLANG_ENABLE_OBJC_ARC = YES;
				CLANG_WARN_BOOL_CONVERSION = YES;
				CLANG_WARN_CONSTANT_CONVERSION = YES;
				CLANG_WARN_DIRECT_OBJC_ISA_USAGE = YES_ERROR;
				CLANG_WARN_EMPTY_BODY = YES;
				CLANG_WARN_ENUM_CONVERSION = YES;
				CLANG_WARN_INT_CONVERSION = YES;
				CLANG_WARN_OBJC_ROOT_CLASS = YES_ERROR;
				CLANG_WARN_UNREACHABLE_CODE = YES;
				CLANG_WARN__DUPLICATE_METHOD_MATCH = YES;
				"CODE_SIGN_IDENTITY[sdk=iphoneos*]" = "iPhone Developer";
				COPY_PHASE_STRIP = NO;
				DEBUG_INFORMATION_FORMAT = "dwarf-with-dsym";
				ENABLE_NS_ASSERTIONS = NO;
				ENABLE_STRICT_OBJC_MSGSEND = YES;
				GCC_C_LANGUAGE_STANDARD = gnu99;
				GCC_NO_COMMON_BLOCKS = YES;
				GCC_WARN_64_TO_32_BIT_CONVERSION = YES;
				GCC_WARN_ABOUT_RETURN_TYPE = YES_ERROR;
				GCC_WARN_UNDECLARED_SELECTOR = YES;
				GCC_WARN_UNINITIALIZED_AUTOS = YES_AGGRESSIVE;
				GCC_WARN_UNUSED_FUNCTION = YES;
				GCC_WARN_UNUSED_VARIABLE = YES;
				IPHONEOS_DEPLOYMENT_TARGET = 9.3;
				MTL_ENABLE_DEBUG_INFO = NO;
				SDKROOT = iphoneos;
				TARGETED_DEVICE_FAMILY = "1,2";
				VALIDATE_PRODUCT = YES;
			};
			name = Release;
		};
		91F8CB6F1D515CF700F555FB /* Debug */ = {
			isa = XCBuildConfiguration;
			buildSettings = {
				ASSETCATALOG_COMPILER_APPICON_NAME = AppIcon;
				INFOPLIST_FILE = DemoDesignTips/Info.plist;
				LD_RUNPATH_SEARCH_PATHS = "$(inherited) @executable_path/Frameworks";
				PRODUCT_BUNDLE_IDENTIFIER = me.doapps.DemoDesignTips;
				PRODUCT_NAME = "$(TARGET_NAME)";
			};
			name = Debug;
		};
		91F8CB701D515CF700F555FB /* Release */ = {
			isa = XCBuildConfiguration;
			buildSettings = {
				ASSETCATALOG_COMPILER_APPICON_NAME = AppIcon;
				INFOPLIST_FILE = DemoDesignTips/Info.plist;
				LD_RUNPATH_SEARCH_PATHS = "$(inherited) @executable_path/Frameworks";
				PRODUCT_BUNDLE_IDENTIFIER = me.doapps.DemoDesignTips;
				PRODUCT_NAME = "$(TARGET_NAME)";
			};
			name = Release;
		};
/* End XCBuildConfiguration section */

/* Begin XCConfigurationList section */
		91F8CB571D515CF700F555FB /* Build configuration list for PBXProject "DemoDesignTips" */ = {
			isa = XCConfigurationList;
			buildConfigurations = (
				91F8CB6C1D515CF700F555FB /* Debug */,
				91F8CB6D1D515CF700F555FB /* Release */,
			);
			defaultConfigurationIsVisible = 0;
			defaultConfigurationName = Release;
		};
		91F8CB6E1D515CF700F555FB /* Build configuration list for PBXNativeTarget "DemoDesignTips" */ = {
			isa = XCConfigurationList;
			buildConfigurations = (
				91F8CB6F1D515CF700F555FB /* Debug */,
				91F8CB701D515CF700F555FB /* Release */,
			);
			defaultConfigurationIsVisible = 0;
		};
/* End XCConfigurationList section */
	};
	rootObject = 91F8CB541D515CF700F555FB /* Project object */;
}
